<?xml version="1.0" encoding="utf-8"?>
<Project ToolsVersion="4.0" xmlns="http://schemas.microsoft.com/developer/msbuild/2003">
  <ItemGroup>
    <Filter Include="Source Files">
      <UniqueIdentifier>{4FC737F1-C7A5-4376-A066-2A32D752A2FF}</UniqueIdentifier>
      <Extensions>cpp;c;cxx;def;odl;idl;hpj;bat;asm;asmx</Extensions>
    </Filter>
    <Filter Include="Source Files\TraceAPI">
      <UniqueIdentifier>{7d368369-70a0-45b1-a8b5-48a47a4beef8}</UniqueIdentifier>
    </Filter>
    <Filter Include="Header Files">
      <UniqueIdentifier>{93995380-89BD-4b04-88EB-625FBE52EBFB}</UniqueIdentifier>
      <Extensions>h;hpp;hxx;hm;inl;inc;xsd</Extensions>
    </Filter>
    <Filter Include="Header Files\TraceAPI">
      <UniqueIdentifier>{e40ec318-42d7-4d0d-8943-f6dfbcf061ae}</UniqueIdentifier>
    </Filter>
    <Filter Include="Resource Files">
      <UniqueIdentifier>{67DA6AB6-F800-4c08-8B7A-83BB121AAD01}</UniqueIdentifier>
      <Extensions>rc;ico;cur;bmp;dlg;rc2;rct;bin;rgs;gif;jpg;jpeg;jpe;resx</Extensions>
    </Filter>
    <Filter Include="Persistency">
      <UniqueIdentifier>{3dd1ba1d-cf8b-4e3f-8678-ebd826b6cfa1}</UniqueIdentifier>
    </Filter>
  </ItemGroup>
  <ItemGroup>
    <ClCompile Include="ETViewer.cpp">
      <Filter>Source Files</Filter>
    </ClCompile>
    <ClCompile Include="ETViewerDoc.cpp">
      <Filter>Source Files</Filter>
    </ClCompile>
    <ClCompile Include="ETViewerView.cpp">
      <Filter>Source Files</Filter>
    </ClCompile>
    <ClCompile Include="FileMonitor.cpp">
      <Filter>Source Files</Filter>
    </ClCompile>
    <ClCompile Include="FilterDialogBar.cpp">
      <Filter>Source Files</Filter>
    </ClCompile>
    <ClCompile Include="FindDialog.cpp">
      <Filter>Source Files</Filter>
    </ClCompile>
    <ClCompile Include="HighLightFiltersEditor.cpp">
      <Filter>Source Files</Filter>
    </ClCompile>
    <ClCompile Include="HighLightPane.cpp">
      <Filter>Source Files</Filter>
    </ClCompile>
    <ClCompile Include="LeftPane.cpp">
      <Filter>Source Files</Filter>
    </ClCompile>
    <ClCompile Include="MainDialogBar.cpp">
      <Filter>Source Files</Filter>
    </ClCompile>
    <ClCompile Include="MainFrm.cpp">
      <Filter>Source Files</Filter>
    </ClCompile>
    <ClCompile Include="ProviderTree.cpp">
      <Filter>Source Files</Filter>
    </ClCompile>
    <ClCompile Include="SaveAllTracesQuestionDialog.cpp">
      <Filter>Source Files</Filter>
    </ClCompile>
    <ClCompile Include="SettingsDialog.cpp">
      <Filter>Source Files</Filter>
    </ClCompile>
    <ClCompile Include="SourceFileContainer.cpp">
      <Filter>Source Files</Filter>
    </ClCompile>
    <ClCompile Include="SourceFileViewer.cpp">
      <Filter>Source Files</Filter>
    </ClCompile>
    <ClCompile Include="stdafx.cpp">
      <Filter>Source Files</Filter>
    </ClCompile>
    <ClCompile Include="TraceController.cpp">
      <Filter>Source Files\TraceAPI</Filter>
    </ClCompile>
    <ClCompile Include="TraceProvider.cpp">
      <Filter>Source Files\TraceAPI</Filter>
    </ClCompile>
    <ClCompile Include="Persistency\ConfigFile.cpp">
      <Filter>Persistency</Filter>
    </ClCompile>
    <ClCompile Include="Persistency\Persistency.cpp">
      <Filter>Persistency</Filter>
    </ClCompile>
    <ClCompile Include="Persistency\PersistentTypes.cpp">
      <Filter>Persistency</Filter>
    </ClCompile>
  </ItemGroup>
  <ItemGroup>
    <ClInclude Include="ETViewer.h">
      <Filter>Header Files</Filter>
    </ClInclude>
    <ClInclude Include="ETViewerDoc.h">
      <Filter>Header Files</Filter>
    </ClInclude>
    <ClInclude Include="ETViewerView.h">
      <Filter>Header Files</Filter>
    </ClInclude>
    <ClInclude Include="FileMonitor.h">
      <Filter>Header Files</Filter>
    </ClInclude>
    <ClInclude Include="FilterDialogBar.h">
      <Filter>Header Files</Filter>
    </ClInclude>
    <ClInclude Include="FindDialog.h">
      <Filter>Header Files</Filter>
    </ClInclude>
    <ClInclude Include="HighLightFiltersEditor.h">
      <Filter>Header Files</Filter>
    </ClInclude>
    <ClInclude Include="HighLightPane.h">
      <Filter>Header Files</Filter>
    </ClInclude>
    <ClInclude Include="LeftPane.h">
      <Filter>Header Files</Filter>
    </ClInclude>
    <ClInclude Include="MainDialogBar.h">
      <Filter>Header Files</Filter>
    </ClInclude>
    <ClInclude Include="MainFrm.h">
      <Filter>Header Files</Filter>
    </ClInclude>
    <ClInclude Include="ProviderTree.h">
      <Filter>Header Files</Filter>
    </ClInclude>
    <ClInclude Include="Resource.h">
      <Filter>Header Files</Filter>
    </ClInclude>
    <ClInclude Include="SaveAllTracesQuestionDialog.h">
      <Filter>Header Files</Filter>
    </ClInclude>
    <ClInclude Include="SettingsDialog.h">
      <Filter>Header Files</Filter>
    </ClInclude>
    <ClInclude Include="SourceFileContainer.h">
      <Filter>Header Files</Filter>
    </ClInclude>
    <ClInclude Include="SourceFileViewer.h">
      <Filter>Header Files</Filter>
    </ClInclude>
    <ClInclude Include="stdafx.h">
      <Filter>Header Files</Filter>
    </ClInclude>
    <ClInclude Include="TraceController.h">
      <Filter>Header Files\TraceAPI</Filter>
    </ClInclude>
    <ClInclude Include="TraceProvider.h">
      <Filter>Header Files\TraceAPI</Filter>
    </ClInclude>
    <ClInclude Include="Persistency\ConfigFile.h">
      <Filter>Persistency</Filter>
    </ClInclude>
    <ClInclude Include="Persistency\Persistency.h">
      <Filter>Persistency</Filter>
    </ClInclude>
    <ClInclude Include="Persistency\PersistentTypes.h">
      <Filter>Persistency</Filter>
    </ClInclude>
    <ClInclude Include="tstring.h">
      <Filter>Header Files</Filter>
    </ClInclude>
  </ItemGroup>
  <ItemGroup>
    <Image Include="res\add_prov.ico">
      <Filter>Resource Files</Filter>
    </Image>
    <Image Include="res\checked.ico">
      <Filter>Resource Files</Filter>
    </Image>
    <Image Include="res\clear_ev.ico">
      <Filter>Resource Files</Filter>
    </Image>
    <Image Include="res\ETViewer.ico">
      <Filter>Resource Files</Filter>
    </Image>
    <Image Include="res\ETViewerDoc.ico">
      <Filter>Resource Files</Filter>
    </Image>
    <Image Include="res\flags.ico">
      <Filter>Resource Files</Filter>
    </Image>
    <Image Include="res\hollow1.ico">
      <Filter>Resource Files</Filter>
    </Image>
    <Image Include="res\ico00001.ico">
      <Filter>Resource Files</Filter>
    </Image>
    <Image Include="res\ico00002.ico">
      <Filter>Resource Files</Filter>
    </Image>
    <Image Include="res\ico00003.ico">
      <Filter>Resource Files</Filter>
    </Image>
    <Image Include="res\ico00004.ico">
      <Filter>Resource Files</Filter>
    </Image>
    <Image Include="res\ico00005.ico">
      <Filter>Resource Files</Filter>
    </Image>
    <Image Include="res\icon1.ico">
      <Filter>Resource Files</Filter>
    </Image>
    <Image Include="res\icon10.ico">
      <Filter>Resource Files</Filter>
    </Image>
    <Image Include="res\icon11.ico">
      <Filter>Resource Files</Filter>
    </Image>
    <Image Include="res\icon12.ico">
      <Filter>Resource Files</Filter>
    </Image>
    <Image Include="res\icon13.ico">
      <Filter>Resource Files</Filter>
    </Image>
    <Image Include="res\icon3.ico">
      <Filter>Resource Files</Filter>
    </Image>
    <Image Include="res\icon4.ico">
      <Filter>Resource Files</Filter>
    </Image>
    <Image Include="res\icon5.ico">
      <Filter>Resource Files</Filter>
    </Image>
    <Image Include="res\icon6.ico">
      <Filter>Resource Files</Filter>
    </Image>
    <Image Include="res\icon7.ico">
      <Filter>Resource Files</Filter>
    </Image>
    <Image Include="res\icon8.ico">
      <Filter>Resource Files</Filter>
    </Image>
    <Image Include="res\idr_main.ico">
      <Filter>Resource Files</Filter>
    </Image>
    <Image Include="res\in_call1.ico">
      <Filter>Resource Files</Filter>
    </Image>
    <Image Include="res\level.ico">
      <Filter>Resource Files</Filter>
    </Image>
    <Image Include="res\marker.ico">
      <Filter>Resource Files</Filter>
    </Image>
    <Image Include="res\openfile.ico">
      <Filter>Resource Files</Filter>
    </Image>
    <Image Include="res\pause.ico">
      <Filter>Resource Files</Filter>
    </Image>
    <Image Include="res\play.ico">
      <Filter>Resource Files</Filter>
    </Image>
    <Image Include="res\playblocked.ico">
      <Filter>Resource Files</Filter>
    </Image>
    <Image Include="res\record.ico">
      <Filter>Resource Files</Filter>
    </Image>
    <Image Include="res\remove_prov.ico">
      <Filter>Resource Files</Filter>
    </Image>
    <Image Include="res\selected.ico">
      <Filter>Resource Files</Filter>
    </Image>
    <Image Include="res\show_hig.ico">
      <Filter>Resource Files</Filter>
    </Image>
    <Image Include="res\ShowHighLightPanel.ico">
      <Filter>Resource Files</Filter>
    </Image>
    <Image Include="res\Source File Small.ico">
      <Filter>Resource Files</Filter>
    </Image>
    <Image Include="res\Toolbar.bmp">
      <Filter>Resource Files</Filter>
    </Image>
    <Image Include="res\unchecked.ico">
      <Filter>Resource Files</Filter>
    </Image>
    <Image Include="res\modules.ico">
      <Filter>Resource Files</Filter>
    </Image>
  </ItemGroup>
  <ItemGroup>
    <ResourceCompile Include="ETViewer.rc">
      <Filter>Resource Files</Filter>
    </ResourceCompile>
  </ItemGroup>
  <ItemGroup>
    <Text Include="ReadMe.txt" />
  </ItemGroup>
  <ItemGroup>
    <Manifest Include="res\ETViewer.manifest">
      <Filter>Resource Files</Filter>
    </Manifest>
  </ItemGroup>
</Project>